<Solution>
  <Folder Name="/src/">
    <Project Path="src/Smakosz.API/Smakosz.API.csproj" />
    <Project Path="src/Smakosz.Application/Smakosz.Application.csproj" />
    <Project Path="src/Smakosz.Domain/Smakosz.Domain.csproj" />
    <Project Path="src/Smakosz.Infrastructure/Smakosz.Infrastructure.csproj" />
    <Project Path="src/Smakosz.Client/Smakosz.Client.csproj" />
    <Project Path="src/Smakosz.Client.Shared/Smakosz.Client.Shared.csproj" />
    <Project Path="src/Smakosz.Client.Ops/Smakosz.Client.Ops.csproj" />
    <Project Path="src/Smakosz.Orchestrator/Smakosz.Orchestrator.csproj" />
  </Folder>
  <Folder Name="/tests/">
    <Project Path="tests/Smakosz.UnitTests/Smakosz.UnitTests.csproj" />
    <Project Path="tests/Smakosz.ClientTests/Smakosz.ClientTests.csproj" />
  </Folder>
</Solution>
